{
  "object": {
    "pins": [
      {
        "package": "Qlift",
        "repositoryURL": "https://github.com/DimaRU/qlift",
        "state": {
          "branch": "master",
          "revision": "2587377ee76a6681727bdaf79d1bfa2ea6db3585",
          "version": null
        }
      },
      {
        "package": "swift-log",
        "repositoryURL": "https://github.com/apple/swift-log.git",
        "state": {
          "branch": null,
          "revision": "5d66f7ba25daf4f94100e7022febf3c75e37a6c7",
          "version": "1.4.2"
        }
      },
      {
        "package": "swift-log-syslog",
        "repositoryURL": "https://github.com/ianpartridge/swift-log-syslog.git",
        "state": {
          "branch": null,
          "revision": "654ea6e32b9802c45468c4c743ed507c36a775c2",
          "version": "1.0.2"
        }
      }
    ]
  },
  "version": 1
}
