{
  "object": {
    "pins": [
      {
        "package": "Qlift",
        "repositoryURL": "https://github.com/DimaRU/qlift",
        "state": {
          "branch": "master",
          "revision": "8429aea92259a8f7a1c1c5a61ccef50fc3f43485",
          "version": null
        }
      },
      {
        "package": "swift-backtrace",
        "repositoryURL": "https://github.com/swift-server/swift-backtrace",
        "state": {
          "branch": null,
          "revision": "d3e04a9d4b3833363fb6192065b763310b156d54",
          "version": "1.3.1"
        }
      },
      {
        "package": "swift-log",
        "repositoryURL": "https://github.com/apple/swift-log.git",
        "state": {
          "branch": null,
          "revision": "5d66f7ba25daf4f94100e7022febf3c75e37a6c7",
          "version": "1.4.2"
        }
      },
      {
        "package": "swift-log-syslog",
        "repositoryURL": "https://github.com/ianpartridge/swift-log-syslog",
        "state": {
          "branch": null,
          "revision": "654ea6e32b9802c45468c4c743ed507c36a775c2",
          "version": "1.0.2"
        }
      }
    ]
  },
  "version": 1
}
